// !$*UTF8*$!
{
	archiveVersion = 1;
	classes = {
	};
	objectVersion = 51;
	objects = {

/* Begin PBXBuildFile section */
		704A0DDD240F87E700EB8DA2 /* OneFeedVC.swift in Sources */ = {isa = PBXBuildFile; fileRef = 704A0DDC240F87E700EB8DA2 /* OneFeedVC.swift */; };
		704A0DE2240FC5F100EB8DA2 /* CommentVC.swift in Sources */ = {isa = PBXBuildFile; fileRef = 704A0DE1240FC5F100EB8DA2 /* CommentVC.swift */; };
		704A0DE4240FC8A700EB8DA2 /* CommentHeader.swift in Sources */ = {isa = PBXBuildFile; fileRef = 704A0DE3240FC8A700EB8DA2 /* CommentHeader.swift */; };
		704A0DE6240FD33400EB8DA2 /* CommentCell.swift in Sources */ = {isa = PBXBuildFile; fileRef = 704A0DE5240FD33400EB8DA2 /* CommentCell.swift */; };
		70501703240CF93F0032F997 /* SearchCell.swift in Sources */ = {isa = PBXBuildFile; fileRef = 70501702240CF93F0032F997 /* SearchCell.swift */; };
		70501705240D01450032F997 /* User.swift in Sources */ = {isa = PBXBuildFile; fileRef = 70501704240D01450032F997 /* User.swift */; };
		7086E217240BF26F00FA3EB6 /* ProfileHeader.swift in Sources */ = {isa = PBXBuildFile; fileRef = 7086E216240BF26F00FA3EB6 /* ProfileHeader.swift */; };
		7093AFD9240D3F930058F650 /* FollowingVC.swift in Sources */ = {isa = PBXBuildFile; fileRef = 7093AFD8240D3F930058F650 /* FollowingVC.swift */; };
		7093AFDB240D41180058F650 /* FollowingCell.swift in Sources */ = {isa = PBXBuildFile; fileRef = 7093AFDA240D41180058F650 /* FollowingCell.swift */; };
		7093AFDD240D53C50058F650 /* SelectImageVC.swift in Sources */ = {isa = PBXBuildFile; fileRef = 7093AFDC240D53C50058F650 /* SelectImageVC.swift */; };
		7093AFDF240D598D0058F650 /* SelectImageHeaderCell.swift in Sources */ = {isa = PBXBuildFile; fileRef = 7093AFDE240D598D0058F650 /* SelectImageHeaderCell.swift */; };
		7093AFE1240D5B8E0058F650 /* SelectImageCell.swift in Sources */ = {isa = PBXBuildFile; fileRef = 7093AFE0240D5B8E0058F650 /* SelectImageCell.swift */; };
		70D43594240BCCB400263277 /* MainTabVC.swift in Sources */ = {isa = PBXBuildFile; fileRef = 70D43593240BCCB400263277 /* MainTabVC.swift */; };
		70D43598240BCE3F00263277 /* FeedVC.swift in Sources */ = {isa = PBXBuildFile; fileRef = 70D43597240BCE3F00263277 /* FeedVC.swift */; };
		70D4359A240BCE7A00263277 /* SearchVC.swift in Sources */ = {isa = PBXBuildFile; fileRef = 70D43599240BCE7A00263277 /* SearchVC.swift */; };
		70D4359C240BCE9B00263277 /* PostVC.swift in Sources */ = {isa = PBXBuildFile; fileRef = 70D4359B240BCE9B00263277 /* PostVC.swift */; };
		70D4359E240BCEB700263277 /* NotificationVC.swift in Sources */ = {isa = PBXBuildFile; fileRef = 70D4359D240BCEB700263277 /* NotificationVC.swift */; };
		70D435A0240BCECB00263277 /* UserProfileVC.swift in Sources */ = {isa = PBXBuildFile; fileRef = 70D4359F240BCECB00263277 /* UserProfileVC.swift */; };
		70ECD661240B48420058B524 /* AppDelegate.swift in Sources */ = {isa = PBXBuildFile; fileRef = 70ECD660240B48420058B524 /* AppDelegate.swift */; };
		70ECD663240B48420058B524 /* SceneDelegate.swift in Sources */ = {isa = PBXBuildFile; fileRef = 70ECD662240B48420058B524 /* SceneDelegate.swift */; };
		70ECD668240B48420058B524 /* Main.storyboard in Resources */ = {isa = PBXBuildFile; fileRef = 70ECD666240B48420058B524 /* Main.storyboard */; };
		70ECD66A240B48460058B524 /* Assets.xcassets in Resources */ = {isa = PBXBuildFile; fileRef = 70ECD669240B48460058B524 /* Assets.xcassets */; };
		70ECD66D240B48460058B524 /* LaunchScreen.storyboard in Resources */ = {isa = PBXBuildFile; fileRef = 70ECD66B240B48460058B524 /* LaunchScreen.storyboard */; };
		70ECD678240B48EA0058B524 /* LoginVC.swift in Sources */ = {isa = PBXBuildFile; fileRef = 70ECD677240B48EA0058B524 /* LoginVC.swift */; };
		70ECD67B240B4CD60058B524 /* Extensions.swift in Sources */ = {isa = PBXBuildFile; fileRef = 70ECD67A240B4CD60058B524 /* Extensions.swift */; };
		70ECD67D240B5E9A0058B524 /* SignUpVC.swift in Sources */ = {isa = PBXBuildFile; fileRef = 70ECD67C240B5E9A0058B524 /* SignUpVC.swift */; };
		70ECD67F240B6A300058B524 /* GoogleService-Info.plist in Resources */ = {isa = PBXBuildFile; fileRef = 70ECD67E240B6A300058B524 /* GoogleService-Info.plist */; };
		70F3DA40240E212D0050F9EC /* Post.swift in Sources */ = {isa = PBXBuildFile; fileRef = 70F3DA3F240E212D0050F9EC /* Post.swift */; };
		70F3DA42240E23480050F9EC /* PostCollectionViewCell.swift in Sources */ = {isa = PBXBuildFile; fileRef = 70F3DA41240E23480050F9EC /* PostCollectionViewCell.swift */; };
		70F5106D240E50CF0038E904 /* FeedCell.swift in Sources */ = {isa = PBXBuildFile; fileRef = 70F5106C240E50CF0038E904 /* FeedCell.swift */; };
		9F6061AAB25BC7B836C96386 /* Pods_instagram.framework in Frameworks */ = {isa = PBXBuildFile; fileRef = 9F8E2812697EF7A90070A937 /* Pods_instagram.framework */; };
/* End PBXBuildFile section */

/* Begin PBXFileReference section */
		4A466C067DAC4AFFC49F47D4 /* Pods-instagram.release.xcconfig */ = {isa = PBXFileReference; includeInIndex = 1; lastKnownFileType = text.xcconfig; name = "Pods-instagram.release.xcconfig"; path = "Target Support Files/Pods-instagram/Pods-instagram.release.xcconfig"; sourceTree = "<group>"; };
		704A0DDC240F87E700EB8DA2 /* OneFeedVC.swift */ = {isa = PBXFileReference; lastKnownFileType = sourcecode.swift; path = OneFeedVC.swift; sourceTree = "<group>"; };
		704A0DE1240FC5F100EB8DA2 /* CommentVC.swift */ = {isa = PBXFileReference; lastKnownFileType = sourcecode.swift; path = CommentVC.swift; sourceTree = "<group>"; };
		704A0DE3240FC8A700EB8DA2 /* CommentHeader.swift */ = {isa = PBXFileReference; lastKnownFileType = sourcecode.swift; path = CommentHeader.swift; sourceTree = "<group>"; };
		704A0DE5240FD33400EB8DA2 /* CommentCell.swift */ = {isa = PBXFileReference; lastKnownFileType = sourcecode.swift; path = CommentCell.swift; sourceTree = "<group>"; };
		70501702240CF93F0032F997 /* SearchCell.swift */ = {isa = PBXFileReference; lastKnownFileType = sourcecode.swift; path = SearchCell.swift; sourceTree = "<group>"; };
		70501704240D01450032F997 /* User.swift */ = {isa = PBXFileReference; lastKnownFileType = sourcecode.swift; path = User.swift; sourceTree = "<group>"; };
		7086E216240BF26F00FA3EB6 /* ProfileHeader.swift */ = {isa = PBXFileReference; lastKnownFileType = sourcecode.swift; path = ProfileHeader.swift; sourceTree = "<group>"; };
		7093AFD8240D3F930058F650 /* FollowingVC.swift */ = {isa = PBXFileReference; lastKnownFileType = sourcecode.swift; path = FollowingVC.swift; sourceTree = "<group>"; };
		7093AFDA240D41180058F650 /* FollowingCell.swift */ = {isa = PBXFileReference; lastKnownFileType = sourcecode.swift; path = FollowingCell.swift; sourceTree = "<group>"; };
		7093AFDC240D53C50058F650 /* SelectImageVC.swift */ = {isa = PBXFileReference; lastKnownFileType = sourcecode.swift; path = SelectImageVC.swift; sourceTree = "<group>"; };
		7093AFDE240D598D0058F650 /* SelectImageHeaderCell.swift */ = {isa = PBXFileReference; lastKnownFileType = sourcecode.swift; path = SelectImageHeaderCell.swift; sourceTree = "<group>"; };
		7093AFE0240D5B8E0058F650 /* SelectImageCell.swift */ = {isa = PBXFileReference; lastKnownFileType = sourcecode.swift; path = SelectImageCell.swift; sourceTree = "<group>"; };
		70D43593240BCCB400263277 /* MainTabVC.swift */ = {isa = PBXFileReference; lastKnownFileType = sourcecode.swift; path = MainTabVC.swift; sourceTree = "<group>"; };
		70D43597240BCE3F00263277 /* FeedVC.swift */ = {isa = PBXFileReference; lastKnownFileType = sourcecode.swift; path = FeedVC.swift; sourceTree = "<group>"; };
		70D43599240BCE7A00263277 /* SearchVC.swift */ = {isa = PBXFileReference; lastKnownFileType = sourcecode.swift; path = SearchVC.swift; sourceTree = "<group>"; };
		70D4359B240BCE9B00263277 /* PostVC.swift */ = {isa = PBXFileReference; lastKnownFileType = sourcecode.swift; path = PostVC.swift; sourceTree = "<group>"; };
		70D4359D240BCEB700263277 /* NotificationVC.swift */ = {isa = PBXFileReference; lastKnownFileType = sourcecode.swift; path = NotificationVC.swift; sourceTree = "<group>"; };
		70D4359F240BCECB00263277 /* UserProfileVC.swift */ = {isa = PBXFileReference; lastKnownFileType = sourcecode.swift; path = UserProfileVC.swift; sourceTree = "<group>"; };
		70ECD65D240B48420058B524 /* instagram.app */ = {isa = PBXFileReference; explicitFileType = wrapper.application; includeInIndex = 0; path = instagram.app; sourceTree = BUILT_PRODUCTS_DIR; };
		70ECD660240B48420058B524 /* AppDelegate.swift */ = {isa = PBXFileReference; lastKnownFileType = sourcecode.swift; path = AppDelegate.swift; sourceTree = "<group>"; };
		70ECD662240B48420058B524 /* SceneDelegate.swift */ = {isa = PBXFileReference; lastKnownFileType = sourcecode.swift; path = SceneDelegate.swift; sourceTree = "<group>"; };
		70ECD667240B48420058B524 /* Base */ = {isa = PBXFileReference; lastKnownFileType = file.storyboard; name = Base; path = Base.lproj/Main.storyboard; sourceTree = "<group>"; };
		70ECD669240B48460058B524 /* Assets.xcassets */ = {isa = PBXFileReference; lastKnownFileType = folder.assetcatalog; path = Assets.xcassets; sourceTree = "<group>"; };
		70ECD66C240B48460058B524 /* Base */ = {isa = PBXFileReference; lastKnownFileType = file.storyboard; name = Base; path = Base.lproj/LaunchScreen.storyboard; sourceTree = "<group>"; };
		70ECD66E240B48460058B524 /* Info.plist */ = {isa = PBXFileReference; lastKnownFileType = text.plist.xml; path = Info.plist; sourceTree = "<group>"; };
		70ECD677240B48EA0058B524 /* LoginVC.swift */ = {isa = PBXFileReference; lastKnownFileType = sourcecode.swift; path = LoginVC.swift; sourceTree = "<group>"; };
		70ECD67A240B4CD60058B524 /* Extensions.swift */ = {isa = PBXFileReference; lastKnownFileType = sourcecode.swift; path = Extensions.swift; sourceTree = "<group>"; };
		70ECD67C240B5E9A0058B524 /* SignUpVC.swift */ = {isa = PBXFileReference; lastKnownFileType = sourcecode.swift; path = SignUpVC.swift; sourceTree = "<group>"; };
		70ECD67E240B6A300058B524 /* GoogleService-Info.plist */ = {isa = PBXFileReference; fileEncoding = 4; lastKnownFileType = text.plist.xml; path = "GoogleService-Info.plist"; sourceTree = "<group>"; };
		70F3DA3F240E212D0050F9EC /* Post.swift */ = {isa = PBXFileReference; lastKnownFileType = sourcecode.swift; path = Post.swift; sourceTree = "<group>"; };
		70F3DA41240E23480050F9EC /* PostCollectionViewCell.swift */ = {isa = PBXFileReference; lastKnownFileType = sourcecode.swift; path = PostCollectionViewCell.swift; sourceTree = "<group>"; };
		70F5106C240E50CF0038E904 /* FeedCell.swift */ = {isa = PBXFileReference; lastKnownFileType = sourcecode.swift; path = FeedCell.swift; sourceTree = "<group>"; };
		812FDE153C325C6B9EF0B98A /* Pods-instagram.debug.xcconfig */ = {isa = PBXFileReference; includeInIndex = 1; lastKnownFileType = text.xcconfig; name = "Pods-instagram.debug.xcconfig"; path = "Target Support Files/Pods-instagram/Pods-instagram.debug.xcconfig"; sourceTree = "<group>"; };
		9F8E2812697EF7A90070A937 /* Pods_instagram.framework */ = {isa = PBXFileReference; explicitFileType = wrapper.framework; includeInIndex = 0; path = Pods_instagram.framework; sourceTree = BUILT_PRODUCTS_DIR; };
/* End PBXFileReference section */

/* Begin PBXFrameworksBuildPhase section */
		70ECD65A240B48420058B524 /* Frameworks */ = {
			isa = PBXFrameworksBuildPhase;
			buildActionMask = 2147483647;
			files = (
				9F6061AAB25BC7B836C96386 /* Pods_instagram.framework in Frameworks */,
			);
			runOnlyForDeploymentPostprocessing = 0;
		};
/* End PBXFrameworksBuildPhase section */

/* Begin PBXGroup section */
		0BC66759A7E994972829B265 /* Frameworks */ = {
			isa = PBXGroup;
			children = (
				9F8E2812697EF7A90070A937 /* Pods_instagram.framework */,
			);
			name = Frameworks;
			sourceTree = "<group>";
		};
		704A0DE0240FC5D900EB8DA2 /* Comment */ = {
			isa = PBXGroup;
			children = (
				704A0DE1240FC5F100EB8DA2 /* CommentVC.swift */,
				704A0DE3240FC8A700EB8DA2 /* CommentHeader.swift */,
				704A0DE5240FD33400EB8DA2 /* CommentCell.swift */,
			);
			path = Comment;
			sourceTree = "<group>";
		};
		7086E20E240BF1FF00FA3EB6 /* Login */ = {
			isa = PBXGroup;
			children = (
				70ECD677240B48EA0058B524 /* LoginVC.swift */,
			);
			path = Login;
			sourceTree = "<group>";
		};
		7086E20F240BF20800FA3EB6 /* Sign Up */ = {
			isa = PBXGroup;
			children = (
				70ECD67C240B5E9A0058B524 /* SignUpVC.swift */,
			);
			path = "Sign Up";
			sourceTree = "<group>";
		};
		7086E210240BF21900FA3EB6 /* Main */ = {
			isa = PBXGroup;
			children = (
				70D43593240BCCB400263277 /* MainTabVC.swift */,
			);
			path = Main;
			sourceTree = "<group>";
		};
		7086E211240BF21F00FA3EB6 /* Feed */ = {
			isa = PBXGroup;
			children = (
				70D43597240BCE3F00263277 /* FeedVC.swift */,
				70F5106C240E50CF0038E904 /* FeedCell.swift */,
			);
			path = Feed;
			sourceTree = "<group>";
		};
		7086E212240BF22600FA3EB6 /* Search */ = {
			isa = PBXGroup;
			children = (
				70D43599240BCE7A00263277 /* SearchVC.swift */,
				70501702240CF93F0032F997 /* SearchCell.swift */,
			);
			path = Search;
			sourceTree = "<group>";
		};
		7086E213240BF22D00FA3EB6 /* Post */ = {
			isa = PBXGroup;
			children = (
				70D4359B240BCE9B00263277 /* PostVC.swift */,
				7093AFDC240D53C50058F650 /* SelectImageVC.swift */,
				7093AFDE240D598D0058F650 /* SelectImageHeaderCell.swift */,
				7093AFE0240D5B8E0058F650 /* SelectImageCell.swift */,
			);
			path = Post;
			sourceTree = "<group>";
		};
		7086E214240BF23400FA3EB6 /* Notification */ = {
			isa = PBXGroup;
			children = (
				70D4359D240BCEB700263277 /* NotificationVC.swift */,
			);
			path = Notification;
			sourceTree = "<group>";
		};
		7086E215240BF23C00FA3EB6 /* Profile */ = {
			isa = PBXGroup;
			children = (
				70D4359F240BCECB00263277 /* UserProfileVC.swift */,
				7086E216240BF26F00FA3EB6 /* ProfileHeader.swift */,
				70F3DA41240E23480050F9EC /* PostCollectionViewCell.swift */,
				704A0DDC240F87E700EB8DA2 /* OneFeedVC.swift */,
			);
			path = Profile;
			sourceTree = "<group>";
		};
		7093AFD7240D3F760058F650 /* Following */ = {
			isa = PBXGroup;
			children = (
				7093AFD8240D3F930058F650 /* FollowingVC.swift */,
				7093AFDA240D41180058F650 /* FollowingCell.swift */,
			);
			path = Following;
			sourceTree = "<group>";
		};
		70ECD654240B48420058B524 = {
			isa = PBXGroup;
			children = (
				70ECD65F240B48420058B524 /* instagram */,
				70ECD65E240B48420058B524 /* Products */,
				C572918CFF885A86BC702FC2 /* Pods */,
				0BC66759A7E994972829B265 /* Frameworks */,
			);
			sourceTree = "<group>";
		};
		70ECD65E240B48420058B524 /* Products */ = {
			isa = PBXGroup;
			children = (
				70ECD65D240B48420058B524 /* instagram.app */,
			);
			name = Products;
			sourceTree = "<group>";
		};
		70ECD65F240B48420058B524 /* instagram */ = {
			isa = PBXGroup;
			children = (
				70ECD679240B4CC60058B524 /* utils */,
				70ECD676240B48BD0058B524 /* Controller */,
				70ECD675240B48B50058B524 /* View */,
				70ECD674240B48AE0058B524 /* Model */,
				70ECD660240B48420058B524 /* AppDelegate.swift */,
				70ECD662240B48420058B524 /* SceneDelegate.swift */,
				70ECD666240B48420058B524 /* Main.storyboard */,
				70ECD669240B48460058B524 /* Assets.xcassets */,
				70ECD66B240B48460058B524 /* LaunchScreen.storyboard */,
				70ECD66E240B48460058B524 /* Info.plist */,
				70ECD67E240B6A300058B524 /* GoogleService-Info.plist */,
			);
			path = instagram;
			sourceTree = "<group>";
		};
		70ECD674240B48AE0058B524 /* Model */ = {
			isa = PBXGroup;
			children = (
				70501704240D01450032F997 /* User.swift */,
				70F3DA3F240E212D0050F9EC /* Post.swift */,
			);
			path = Model;
			sourceTree = "<group>";
		};
		70ECD675240B48B50058B524 /* View */ = {
			isa = PBXGroup;
			children = (
			);
			path = View;
			sourceTree = "<group>";
		};
		70ECD676240B48BD0058B524 /* Controller */ = {
			isa = PBXGroup;
			children = (
				704A0DE0240FC5D900EB8DA2 /* Comment */,
				7093AFD7240D3F760058F650 /* Following */,
				7086E20E240BF1FF00FA3EB6 /* Login */,
				7086E20F240BF20800FA3EB6 /* Sign Up */,
				7086E210240BF21900FA3EB6 /* Main */,
				7086E211240BF21F00FA3EB6 /* Feed */,
				7086E212240BF22600FA3EB6 /* Search */,
				7086E213240BF22D00FA3EB6 /* Post */,
				7086E214240BF23400FA3EB6 /* Notification */,
				7086E215240BF23C00FA3EB6 /* Profile */,
			);
			path = Controller;
			sourceTree = "<group>";
		};
		70ECD679240B4CC60058B524 /* utils */ = {
			isa = PBXGroup;
			children = (
				70ECD67A240B4CD60058B524 /* Extensions.swift */,
			);
			path = utils;
			sourceTree = "<group>";
		};
		C572918CFF885A86BC702FC2 /* Pods */ = {
			isa = PBXGroup;
			children = (
				812FDE153C325C6B9EF0B98A /* Pods-instagram.debug.xcconfig */,
				4A466C067DAC4AFFC49F47D4 /* Pods-instagram.release.xcconfig */,
			);
			path = Pods;
			sourceTree = "<group>";
		};
/* End PBXGroup section */

/* Begin PBXNativeTarget section */
		70ECD65C240B48420058B524 /* instagram */ = {
			isa = PBXNativeTarget;
			buildConfigurationList = 70ECD671240B48460058B524 /* Build configuration list for PBXNativeTarget "instagram" */;
			buildPhases = (
				7D55EB724BF16FBBC4494A97 /* [CP] Check Pods Manifest.lock */,
				70ECD659240B48420058B524 /* Sources */,
				70ECD65A240B48420058B524 /* Frameworks */,
				70ECD65B240B48420058B524 /* Resources */,
				6956A9C2A16D492F4D27B070 /* [CP] Embed Pods Frameworks */,
			);
			buildRules = (
			);
			dependencies = (
			);
			name = instagram;
			productName = instagram;
			productReference = 70ECD65D240B48420058B524 /* instagram.app */;
			productType = "com.apple.product-type.application";
		};
/* End PBXNativeTarget section */

/* Begin PBXProject section */
		70ECD655240B48420058B524 /* Project object */ = {
			isa = PBXProject;
			attributes = {
				LastSwiftUpdateCheck = 1130;
				LastUpgradeCheck = 1130;
				ORGANIZATIONNAME = "Mac circle";
				TargetAttributes = {
					70ECD65C240B48420058B524 = {
						CreatedOnToolsVersion = 11.3.1;
					};
				};
			};
			buildConfigurationList = 70ECD658240B48420058B524 /* Build configuration list for PBXProject "instagram" */;
			compatibilityVersion = "Xcode 9.3";
			developmentRegion = en;
			hasScannedForEncodings = 0;
			knownRegions = (
				en,
				Base,
			);
			mainGroup = 70ECD654240B48420058B524;
			productRefGroup = 70ECD65E240B48420058B524 /* Products */;
			projectDirPath = "";
			projectRoot = "";
			targets = (
				70ECD65C240B48420058B524 /* instagram */,
			);
		};
/* End PBXProject section */

/* Begin PBXResourcesBuildPhase section */
		70ECD65B240B48420058B524 /* Resources */ = {
			isa = PBXResourcesBuildPhase;
			buildActionMask = 2147483647;
			files = (
				70ECD66D240B48460058B524 /* LaunchScreen.storyboard in Resources */,
				70ECD66A240B48460058B524 /* Assets.xcassets in Resources */,
				70ECD668240B48420058B524 /* Main.storyboard in Resources */,
				70ECD67F240B6A300058B524 /* GoogleService-Info.plist in Resources */,
			);
			runOnlyForDeploymentPostprocessing = 0;
		};
/* End PBXResourcesBuildPhase section */

/* Begin PBXShellScriptBuildPhase section */
		6956A9C2A16D492F4D27B070 /* [CP] Embed Pods Frameworks */ = {
			isa = PBXShellScriptBuildPhase;
			buildActionMask = 2147483647;
			files = (
			);
			inputFileListPaths = (
				"${PODS_ROOT}/Target Support Files/Pods-instagram/Pods-instagram-frameworks-${CONFIGURATION}-input-files.xcfilelist",
			);
			name = "[CP] Embed Pods Frameworks";
			outputFileListPaths = (
				"${PODS_ROOT}/Target Support Files/Pods-instagram/Pods-instagram-frameworks-${CONFIGURATION}-output-files.xcfilelist",
			);
			runOnlyForDeploymentPostprocessing = 0;
			shellPath = /bin/sh;
			shellScript = "\"${PODS_ROOT}/Target Support Files/Pods-instagram/Pods-instagram-frameworks.sh\"\n";
			showEnvVarsInLog = 0;
		};
		7D55EB724BF16FBBC4494A97 /* [CP] Check Pods Manifest.lock */ = {
			isa = PBXShellScriptBuildPhase;
			buildActionMask = 2147483647;
			files = (
			);
			inputFileListPaths = (
			);
			inputPaths = (
				"${PODS_PODFILE_DIR_PATH}/Podfile.lock",
				"${PODS_ROOT}/Manifest.lock",
			);
			name = "[CP] Check Pods Manifest.lock";
			outputFileListPaths = (
			);
			outputPaths = (
				"$(DERIVED_FILE_DIR)/Pods-instagram-checkManifestLockResult.txt",
			);
			runOnlyForDeploymentPostprocessing = 0;
			shellPath = /bin/sh;
			shellScript = "diff \"${PODS_PODFILE_DIR_PATH}/Podfile.lock\" \"${PODS_ROOT}/Manifest.lock\" > /dev/null\nif [ $? != 0 ] ; then\n    # print error to STDERR\n    echo \"error: The sandbox is not in sync with the Podfile.lock. Run 'pod install' or update your CocoaPods installation.\" >&2\n    exit 1\nfi\n# This output is used by Xcode 'outputs' to avoid re-running this script phase.\necho \"SUCCESS\" > \"${SCRIPT_OUTPUT_FILE_0}\"\n";
			showEnvVarsInLog = 0;
		};
/* End PBXShellScriptBuildPhase section */

/* Begin PBXSourcesBuildPhase section */
		70ECD659240B48420058B524 /* Sources */ = {
			isa = PBXSourcesBuildPhase;
			buildActionMask = 2147483647;
			files = (
				70501703240CF93F0032F997 /* SearchCell.swift in Sources */,
				70D4359A240BCE7A00263277 /* SearchVC.swift in Sources */,
				70D4359E240BCEB700263277 /* NotificationVC.swift in Sources */,
				704A0DDD240F87E700EB8DA2 /* OneFeedVC.swift in Sources */,
				70ECD661240B48420058B524 /* AppDelegate.swift in Sources */,
				7093AFE1240D5B8E0058F650 /* SelectImageCell.swift in Sources */,
				704A0DE2240FC5F100EB8DA2 /* CommentVC.swift in Sources */,
				70F3DA42240E23480050F9EC /* PostCollectionViewCell.swift in Sources */,
				70D435A0240BCECB00263277 /* UserProfileVC.swift in Sources */,
				7093AFD9240D3F930058F650 /* FollowingVC.swift in Sources */,
				7093AFDF240D598D0058F650 /* SelectImageHeaderCell.swift in Sources */,
				70D43598240BCE3F00263277 /* FeedVC.swift in Sources */,
				70501705240D01450032F997 /* User.swift in Sources */,
				704A0DE6240FD33400EB8DA2 /* CommentCell.swift in Sources */,
				70D43594240BCCB400263277 /* MainTabVC.swift in Sources */,
				70ECD663240B48420058B524 /* SceneDelegate.swift in Sources */,
				70ECD678240B48EA0058B524 /* LoginVC.swift in Sources */,
				7093AFDD240D53C50058F650 /* SelectImageVC.swift in Sources */,
				70F5106D240E50CF0038E904 /* FeedCell.swift in Sources */,
				7086E217240BF26F00FA3EB6 /* ProfileHeader.swift in Sources */,
				70D4359C240BCE9B00263277 /* PostVC.swift in Sources */,
				70ECD67D240B5E9A0058B524 /* SignUpVC.swift in Sources */,
				70ECD67B240B4CD60058B524 /* Extensions.swift in Sources */,
				7093AFDB240D41180058F650 /* FollowingCell.swift in Sources */,
				704A0DE4240FC8A700EB8DA2 /* CommentHeader.swift in Sources */,
				70F3DA40240E212D0050F9EC /* Post.swift in Sources */,
			);
			runOnlyForDeploymentPostprocessing = 0;
		};
/* End PBXSourcesBuildPhase section */

/* Begin PBXVariantGroup section */
		70ECD666240B48420058B524 /* Main.storyboard */ = {
			isa = PBXVariantGroup;
			children = (
				70ECD667240B48420058B524 /* Base */,
			);
			name = Main.storyboard;
			sourceTree = "<group>";
		};
		70ECD66B240B48460058B524 /* LaunchScreen.storyboard */ = {
			isa = PBXVariantGroup;
			children = (
				70ECD66C240B48460058B524 /* Base */,
			);
			name = LaunchScreen.storyboard;
			sourceTree = "<group>";
		};
/* End PBXVariantGroup section */

/* Begin XCBuildConfiguration section */
		70ECD66F240B48460058B524 /* Debug */ = {
			isa = XCBuildConfiguration;
			buildSettings = {
				ALWAYS_SEARCH_USER_PATHS = NO;
				CLANG_ANALYZER_NONNULL = YES;
				CLANG_ANALYZER_NUMBER_OBJECT_CONVERSION = YES_AGGRESSIVE;
				CLANG_CXX_LANGUAGE_STANDARD = "gnu++14";
				CLANG_CXX_LIBRARY = "libc++";
				CLANG_ENABLE_MODULES = YES;
				CLANG_ENABLE_OBJC_ARC = YES;
				CLANG_ENABLE_OBJC_WEAK = YES;
				CLANG_WARN_BLOCK_CAPTURE_AUTORELEASING = YES;
				CLANG_WARN_BOOL_CONVERSION = YES;
				CLANG_WARN_COMMA = YES;
				CLANG_WARN_CONSTANT_CONVERSION = YES;
				CLANG_WARN_DEPRECATED_OBJC_IMPLEMENTATIONS = YES;
				CLANG_WARN_DIRECT_OBJC_ISA_USAGE = YES_ERROR;
				CLANG_WARN_DOCUMENTATION_COMMENTS = YES;
				CLANG_WARN_EMPTY_BODY = YES;
				CLANG_WARN_ENUM_CONVERSION = YES;
				CLANG_WARN_INFINITE_RECURSION = YES;
				CLANG_WARN_INT_CONVERSION = YES;
				CLANG_WARN_NON_LITERAL_NULL_CONVERSION = YES;
				CLANG_WARN_OBJC_IMPLICIT_RETAIN_SELF = YES;
				CLANG_WARN_OBJC_LITERAL_CONVERSION = YES;
				CLANG_WARN_OBJC_ROOT_CLASS = YES_ERROR;
				CLANG_WARN_RANGE_LOOP_ANALYSIS = YES;
				CLANG_WARN_STRICT_PROTOTYPES = YES;
				CLANG_WARN_SUSPICIOUS_MOVE = YES;
				CLANG_WARN_UNGUARDED_AVAILABILITY = YES_AGGRESSIVE;
				CLANG_WARN_UNREACHABLE_CODE = YES;
				CLANG_WARN__DUPLICATE_METHOD_MATCH = YES;
				COPY_PHASE_STRIP = NO;
				DEBUG_INFORMATION_FORMAT = dwarf;
				ENABLE_STRICT_OBJC_MSGSEND = YES;
				ENABLE_TESTABILITY = YES;
				GCC_C_LANGUAGE_STANDARD = gnu11;
				GCC_DYNAMIC_NO_PIC = NO;
				GCC_NO_COMMON_BLOCKS = YES;
				GCC_OPTIMIZATION_LEVEL = 0;
				GCC_PREPROCESSOR_DEFINITIONS = (
					"DEBUG=1",
					"$(inherited)",
				);
				GCC_WARN_64_TO_32_BIT_CONVERSION = YES;
				GCC_WARN_ABOUT_RETURN_TYPE = YES_ERROR;
				GCC_WARN_UNDECLARED_SELECTOR = YES;
				GCC_WARN_UNINITIALIZED_AUTOS = YES_AGGRESSIVE;
				GCC_WARN_UNUSED_FUNCTION = YES;
				GCC_WARN_UNUSED_VARIABLE = YES;
				IPHONEOS_DEPLOYMENT_TARGET = 13.2;
				MTL_ENABLE_DEBUG_INFO = INCLUDE_SOURCE;
				MTL_FAST_MATH = YES;
				ONLY_ACTIVE_ARCH = YES;
				SDKROOT = iphoneos;
				SWIFT_ACTIVE_COMPILATION_CONDITIONS = DEBUG;
				SWIFT_OPTIMIZATION_LEVEL = "-Onone";
			};
			name = Debug;
		};
		70ECD670240B48460058B524 /* Release */ = {
			isa = XCBuildConfiguration;
			buildSettings = {
				ALWAYS_SEARCH_USER_PATHS = NO;
				CLANG_ANALYZER_NONNULL = YES;
				CLANG_ANALYZER_NUMBER_OBJECT_CONVERSION = YES_AGGRESSIVE;
				CLANG_CXX_LANGUAGE_STANDARD = "gnu++14";
				CLANG_CXX_LIBRARY = "libc++";
				CLANG_ENABLE_MODULES = YES;
				CLANG_ENABLE_OBJC_ARC = YES;
				CLANG_ENABLE_OBJC_WEAK = YES;
				CLANG_WARN_BLOCK_CAPTURE_AUTORELEASING = YES;
				CLANG_WARN_BOOL_CONVERSION = YES;
				CLANG_WARN_COMMA = YES;
				CLANG_WARN_CONSTANT_CONVERSION = YES;
				CLANG_WARN_DEPRECATED_OBJC_IMPLEMENTATIONS = YES;
				CLANG_WARN_DIRECT_OBJC_ISA_USAGE = YES_ERROR;
				CLANG_WARN_DOCUMENTATION_COMMENTS = YES;
				CLANG_WARN_EMPTY_BODY = YES;
				CLANG_WARN_ENUM_CONVERSION = YES;
				CLANG_WARN_INFINITE_RECURSION = YES;
				CLANG_WARN_INT_CONVERSION = YES;
				CLANG_WARN_NON_LITERAL_NULL_CONVERSION = YES;
				CLANG_WARN_OBJC_IMPLICIT_RETAIN_SELF = YES;
				CLANG_WARN_OBJC_LITERAL_CONVERSION = YES;
				CLANG_WARN_OBJC_ROOT_CLASS = YES_ERROR;
				CLANG_WARN_RANGE_LOOP_ANALYSIS = YES;
				CLANG_WARN_STRICT_PROTOTYPES = YES;
				CLANG_WARN_SUSPICIOUS_MOVE = YES;
				CLANG_WARN_UNGUARDED_AVAILABILITY = YES_AGGRESSIVE;
				CLANG_WARN_UNREACHABLE_CODE = YES;
				CLANG_WARN__DUPLICATE_METHOD_MATCH = YES;
				COPY_PHASE_STRIP = NO;
				DEBUG_INFORMATION_FORMAT = "dwarf-with-dsym";
				ENABLE_NS_ASSERTIONS = NO;
				ENABLE_STRICT_OBJC_MSGSEND = YES;
				GCC_C_LANGUAGE_STANDARD = gnu11;
				GCC_NO_COMMON_BLOCKS = YES;
				GCC_WARN_64_TO_32_BIT_CONVERSION = YES;
				GCC_WARN_ABOUT_RETURN_TYPE = YES_ERROR;
				GCC_WARN_UNDECLARED_SELECTOR = YES;
				GCC_WARN_UNINITIALIZED_AUTOS = YES_AGGRESSIVE;
				GCC_WARN_UNUSED_FUNCTION = YES;
				GCC_WARN_UNUSED_VARIABLE = YES;
				IPHONEOS_DEPLOYMENT_TARGET = 13.2;
				MTL_ENABLE_DEBUG_INFO = NO;
				MTL_FAST_MATH = YES;
				SDKROOT = iphoneos;
				SWIFT_COMPILATION_MODE = wholemodule;
				SWIFT_OPTIMIZATION_LEVEL = "-O";
				VALIDATE_PRODUCT = YES;
			};
			name = Release;
		};
		70ECD672240B48460058B524 /* Debug */ = {
			isa = XCBuildConfiguration;
			baseConfigurationReference = 812FDE153C325C6B9EF0B98A /* Pods-instagram.debug.xcconfig */;
			buildSettings = {
				ASSETCATALOG_COMPILER_APPICON_NAME = AppIcon;
				CODE_SIGN_STYLE = Automatic;
				INFOPLIST_FILE = instagram/Info.plist;
				LD_RUNPATH_SEARCH_PATHS = (
					"$(inherited)",
					"@executable_path/Frameworks",
				);
				PRODUCT_BUNDLE_IDENTIFIER = com.example.instagram;
				PRODUCT_NAME = "$(TARGET_NAME)";
				SWIFT_VERSION = 5.0;
				TARGETED_DEVICE_FAMILY = "1,2";
			};
			name = Debug;
		};
		70ECD673240B48460058B524 /* Release */ = {
			isa = XCBuildConfiguration;
			baseConfigurationReference = 4A466C067DAC4AFFC49F47D4 /* Pods-instagram.release.xcconfig */;
			buildSettings = {
				ASSETCATALOG_COMPILER_APPICON_NAME = AppIcon;
				CODE_SIGN_STYLE = Automatic;
				INFOPLIST_FILE = instagram/Info.plist;
				LD_RUNPATH_SEARCH_PATHS = (
					"$(inherited)",
					"@executable_path/Frameworks",
				);
				PRODUCT_BUNDLE_IDENTIFIER = com.example.instagram;
				PRODUCT_NAME = "$(TARGET_NAME)";
				SWIFT_VERSION = 5.0;
				TARGETED_DEVICE_FAMILY = "1,2";
			};
			name = Release;
		};
/* End XCBuildConfiguration section */

/* Begin XCConfigurationList section */
		70ECD658240B48420058B524 /* Build configuration list for PBXProject "instagram" */ = {
			isa = XCConfigurationList;
			buildConfigurations = (
				70ECD66F240B48460058B524 /* Debug */,
				70ECD670240B48460058B524 /* Release */,
			);
			defaultConfigurationIsVisible = 0;
			defaultConfigurationName = Release;
		};
		70ECD671240B48460058B524 /* Build configuration list for PBXNativeTarget "instagram" */ = {
			isa = XCConfigurationList;
			buildConfigurations = (
				70ECD672240B48460058B524 /* Debug */,
				70ECD673240B48460058B524 /* Release */,
			);
			defaultConfigurationIsVisible = 0;
			defaultConfigurationName = Release;
		};
/* End XCConfigurationList section */
	};
	rootObject = 70ECD655240B48420058B524 /* Project object */;
}
